
Microsoft Visual Studio Solution File, Format Version 12.00
# Visual Studio Version 17
VisualStudioVersion = 17.11.35219.272
MinimumVisualStudioVersion = 10.0.40219.1
Project("{FAE04EC0-301F-11D3-BF4B-00C04F79EFBC}") = "bai thuc hanh tim kiem", "bai thuc hanh tim kiem\bai thuc hanh tim kiem.csproj", "{C936A462-C179-4354-9BBC-086109A7F4CB}"
EndProject
Global
	GlobalSection(SolutionConfigurationPlatforms) = preSolution
		Debug|Any CPU = Debug|Any CPU
		Release|Any CPU = Release|Any CPU
	EndGlobalSection
	GlobalSection(ProjectConfigurationPlatforms) = postSolution
		{C936A462-C179-4354-9BBC-086109A7F4CB}.Debug|Any CPU.ActiveCfg = Debug|Any CPU
		{C936A462-C179-4354-9BBC-086109A7F4CB}.Debug|Any CPU.Build.0 = Debug|Any CPU
		{C936A462-C179-4354-9BBC-086109A7F4CB}.Release|Any CPU.ActiveCfg = Release|Any CPU
		{C936A462-C179-4354-9BBC-086109A7F4CB}.Release|Any CPU.Build.0 = Release|Any CPU
	EndGlobalSection
	GlobalSection(SolutionProperties) = preSolution
		HideSolutionNode = FALSE
	EndGlobalSection
	GlobalSection(ExtensibilityGlobals) = postSolution
		SolutionGuid = {9B9B1097-6973-4164-BB1E-516013DECDFC}
	EndGlobalSection
EndGlobal
